
Microsoft Visual Studio Solution File, Format Version 12.00
# Visual Studio 14
VisualStudioVersion = 14.0.24720.0
MinimumVisualStudioVersion = 10.0.40219.1
Project("{F184B08F-C81C-45F6-A57F-5ABD9991F28F}") = "欢乐打地鼠", "欢乐打地鼠\欢乐打地鼠.vbproj", "{74AEDBF1-DF13-4663-B915-7274E9B552DE}"
EndProject
Global
	GlobalSection(SolutionConfigurationPlatforms) = preSolution
		Debug|ARM = Debug|ARM
		Debug|x64 = Debug|x64
		Debug|x86 = Debug|x86
		Release|ARM = Release|ARM
		Release|x64 = Release|x64
		Release|x86 = Release|x86
	EndGlobalSection
	GlobalSection(ProjectConfigurationPlatforms) = postSolution
		{74AEDBF1-DF13-4663-B915-7274E9B552DE}.Debug|ARM.ActiveCfg = Debug|ARM
		{74AEDBF1-DF13-4663-B915-7274E9B552DE}.Debug|ARM.Build.0 = Debug|ARM
		{74AEDBF1-DF13-4663-B915-7274E9B552DE}.Debug|ARM.Deploy.0 = Debug|ARM
		{74AEDBF1-DF13-4663-B915-7274E9B552DE}.Debug|x64.ActiveCfg = Debug|x64
		{74AEDBF1-DF13-4663-B915-7274E9B552DE}.Debug|x64.Build.0 = Debug|x64
		{74AEDBF1-DF13-4663-B915-7274E9B552DE}.Debug|x64.Deploy.0 = Debug|x64
		{74AEDBF1-DF13-4663-B915-7274E9B552DE}.Debug|x86.ActiveCfg = Debug|x86
		{74AEDBF1-DF13-4663-B915-7274E9B552DE}.Debug|x86.Build.0 = Debug|x86
		{74AEDBF1-DF13-4663-B915-7274E9B552DE}.Debug|x86.Deploy.0 = Debug|x86
		{74AEDBF1-DF13-4663-B915-7274E9B552DE}.Release|ARM.ActiveCfg = Release|ARM
		{74AEDBF1-DF13-4663-B915-7274E9B552DE}.Release|ARM.Build.0 = Release|ARM
		{74AEDBF1-DF13-4663-B915-7274E9B552DE}.Release|ARM.Deploy.0 = Release|ARM
		{74AEDBF1-DF13-4663-B915-7274E9B552DE}.Release|x64.ActiveCfg = Release|x64
		{74AEDBF1-DF13-4663-B915-7274E9B552DE}.Release|x64.Build.0 = Release|x64
		{74AEDBF1-DF13-4663-B915-7274E9B552DE}.Release|x64.Deploy.0 = Release|x64
		{74AEDBF1-DF13-4663-B915-7274E9B552DE}.Release|x86.ActiveCfg = Release|x86
		{74AEDBF1-DF13-4663-B915-7274E9B552DE}.Release|x86.Build.0 = Release|x86
		{74AEDBF1-DF13-4663-B915-7274E9B552DE}.Release|x86.Deploy.0 = Release|x86
	EndGlobalSection
	GlobalSection(SolutionProperties) = preSolution
		HideSolutionNode = FALSE
	EndGlobalSection
EndGlobal
